
Microsoft Visual Studio Solution File, Format Version 12.00
# Visual Studio 15
VisualStudioVersion = 15.0.27004.2008
MinimumVisualStudioVersion = 10.0.40219.1
Project("{FAE04EC0-301F-11D3-BF4B-00C04F79EFBC}") = "TestAAD2", "TestAAD2\TestAAD2.csproj", "{FEDD52ED-A2AA-42A3-BB0D-54438922F137}"
EndProject
Global
	GlobalSection(SolutionConfigurationPlatforms) = preSolution
		Debug|Any CPU = Debug|Any CPU
		Release|Any CPU = Release|Any CPU
	EndGlobalSection
	GlobalSection(ProjectConfigurationPlatforms) = postSolution
		{FEDD52ED-A2AA-42A3-BB0D-54438922F137}.Debug|Any CPU.ActiveCfg = Debug|Any CPU
		{FEDD52ED-A2AA-42A3-BB0D-54438922F137}.Debug|Any CPU.Build.0 = Debug|Any CPU
		{FEDD52ED-A2AA-42A3-BB0D-54438922F137}.Release|Any CPU.ActiveCfg = Release|Any CPU
		{FEDD52ED-A2AA-42A3-BB0D-54438922F137}.Release|Any CPU.Build.0 = Release|Any CPU
	EndGlobalSection
	GlobalSection(SolutionProperties) = preSolution
		HideSolutionNode = FALSE
	EndGlobalSection
	GlobalSection(ExtensibilityGlobals) = postSolution
		SolutionGuid = {6E368B02-3F9A-4CF0-B0DF-E067ACE6F918}
	EndGlobalSection
EndGlobal
